lockfileVersion: 5.3

specifiers:
  '@ionic/react': ^5.9.1
  '@types/react': ^17.0.5
  '@types/react-dom': ^17.0.4
  '@types/styled-components': ^5.1.9
  ionicons: ^6.0.0
  react: ^17.0.2
  react-dom: ^17.0.2
  typescript: '>=4.2.4'

dependencies:
  '@ionic/react': 5.9.2_react-dom@17.0.2+react@17.0.2
  ionicons: 6.0.0

devDependencies:
  '@types/react': 17.0.37
  '@types/react-dom': 17.0.11
  '@types/styled-components': 5.1.18
  react: 17.0.2
  react-dom: 17.0.2_react@17.0.2
  typescript: 4.5.4

packages:

  /@ionic/core/5.9.2:
    resolution: {integrity: sha512-1ZqSBS8R6tGQsc+LsLxIRv0q3Ww6jwgJXLvdn6FmVWfpPbBvT+CjCuU9hqJ5qwM+atErblUMYSexvvpws8lGAA==}
    dependencies:
      '@stencil/core': 2.12.0
      ionicons: 5.5.4
      tslib: 2.3.1
    dev: false

  /@ionic/react/5.9.2_react-dom@17.0.2+react@17.0.2:
    resolution: {integrity: sha512-4NYj7UwDzS4Ts1/3k8nAwxE9L+vEkvO4PdL27g3994dIsCc2TOt90jHmLb1SmVqLIhrkRX04wkWL6PVYaMRObw==}
    peerDependencies:
      react: '>=16.8.6'
      react-dom: '>=16.8.6'
    dependencies:
      '@ionic/core': 5.9.2
      ionicons: 5.5.4
      react: 17.0.2
      react-dom: 17.0.2_react@17.0.2
      tslib: 2.3.1
    dev: false

  /@stencil/core/2.10.0:
    resolution: {integrity: sha512-15rWMTPQ/sp0lSV82HVCXkIya3QLN+uBl7pqK4JnTrp4HiLrzLmNbWjbvgCs55gw0lULbCIGbRIEsFz+Pe/Q+A==}
    engines: {node: '>=12.10.0', npm: '>=6.0.0'}
    hasBin: true
    dev: false

  /@stencil/core/2.12.0:
    resolution: {integrity: sha512-hQlQKh5CUJe8g3L5avLLsfgVu95HMS2LToTtS7gpvvP0eKes1VvAC56uhI+vH4u44GZl9ck/g1rJBVRmMWu0LA==}
    engines: {node: '>=12.10.0', npm: '>=6.0.0'}
    hasBin: true
    dev: false

  /@types/hoist-non-react-statics/3.3.1:
    resolution: {integrity: sha512-iMIqiko6ooLrTh1joXodJK5X9xeEALT1kM5G3ZLhD3hszxBdIEd5C75U834D9mLcINgD4OyZf5uQXjkuYydWvA==}
    dependencies:
      '@types/react': 17.0.37
      hoist-non-react-statics: 3.3.2
    dev: true

  /@types/prop-types/15.7.4:
    resolution: {integrity: sha512-rZ5drC/jWjrArrS8BR6SIr4cWpW09RNTYt9AMZo3Jwwif+iacXAqgVjm0B0Bv/S1jhDXKHqRVNCbACkJ89RAnQ==}
    dev: true

  /@types/react-dom/17.0.11:
    resolution: {integrity: sha512-f96K3k+24RaLGVu/Y2Ng3e1EbZ8/cVJvypZWd7cy0ofCBaf2lcM46xNhycMZ2xGwbBjRql7hOlZ+e2WlJ5MH3Q==}
    dependencies:
      '@types/react': 17.0.37
    dev: true

  /@types/react/17.0.37:
    resolution: {integrity: sha512-2FS1oTqBGcH/s0E+CjrCCR9+JMpsu9b69RTFO+40ua43ZqP5MmQ4iUde/dMjWR909KxZwmOQIFq6AV6NjEG5xg==}
    dependencies:
      '@types/prop-types': 15.7.4
      '@types/scheduler': 0.16.2
      csstype: 3.0.10
    dev: true

  /@types/scheduler/0.16.2:
    resolution: {integrity: sha512-hppQEBDmlwhFAXKJX2KnWLYu5yMfi91yazPb2l+lbJiwW+wdo1gNeRA+3RgNSO39WYX2euey41KEwnqesU2Jew==}
    dev: true

  /@types/styled-components/5.1.18:
    resolution: {integrity: sha512-xPTYmWP7Mxk5TAD3pYsqjwA9G5fAI8e/S51QUJEl7EQD1siKCdiYXIWiH2lzoHRl+QqbQCJMcGv3YTF3OmyPdQ==}
    dependencies:
      '@types/hoist-non-react-statics': 3.3.1
      '@types/react': 17.0.37
      csstype: 3.0.10
    dev: true

  /csstype/3.0.10:
    resolution: {integrity: sha512-2u44ZG2OcNUO9HDp/Jl8C07x6pU/eTR3ncV91SiK3dhG9TWvRVsCoJw14Ckx5DgWkzGA3waZWO3d7pgqpUI/XA==}
    dev: true

  /hoist-non-react-statics/3.3.2:
    resolution: {integrity: sha512-/gGivxi8JPKWNm/W0jSmzcMPpfpPLc3dY/6GxhX2hQ9iGj3aDfklV4ET7NjKpSinLpJ5vafa9iiGIEZg10SfBw==}
    dependencies:
      react-is: 16.13.1
    dev: true

  /ionicons/5.5.4:
    resolution: {integrity: sha512-3ph8X9my3inhabWEZ7N0XRA0MnnNQ1v9a602mLNgWsIXnxE9G5BybIZ/pws/OZZ/hoNlvSjk801N03yL9/FNgQ==}
    dependencies:
      '@stencil/core': 2.10.0
    dev: false

  /ionicons/6.0.0:
    resolution: {integrity: sha512-p83W1T8jZUlllHAjuIWaDQbI36OYqdrwcf8MhYbKW7+9rjGlCMP9+5OaR0W7tl0QfM004uAiy/zkc7HTpDNKgA==}
    dependencies:
      '@stencil/core': 2.10.0
    dev: false

  /js-tokens/4.0.0:
    resolution: {integrity: sha512-RdJUflcE3cUzKiMqQgsCu06FPu9UdIJO0beYbPhHN4k6apgJtifcoCtT9bcxOpYBtpD2kCM6Sbzg4CausW/PKQ==}
    dev: true

  /loose-envify/1.4.0:
    resolution: {integrity: sha512-lyuxPGr/Wfhrlem2CL/UcnUc1zcqKAImBDzukY7Y5F/yQiNdko6+fRLevlw1HgMySw7f611UIY408EtxRSoK3Q==}
    hasBin: true
    dependencies:
      js-tokens: 4.0.0
    dev: true

  /object-assign/4.1.1:
    resolution: {integrity: sha1-IQmtx5ZYh8/AXLvUQsrIv7s2CGM=}
    engines: {node: '>=0.10.0'}
    dev: true

  /react-dom/17.0.2_react@17.0.2:
    resolution: {integrity: sha512-s4h96KtLDUQlsENhMn1ar8t2bEa+q/YAtj8pPPdIjPDGBDIVNsrD9aXNWqspUe6AzKCIG0C1HZZLqLV7qpOBGA==}
    peerDependencies:
      react: 17.0.2
    dependencies:
      loose-envify: 1.4.0
      object-assign: 4.1.1
      react: 17.0.2
      scheduler: 0.20.2
    dev: true

  /react-is/16.13.1:
    resolution: {integrity: sha512-24e6ynE2H+OKt4kqsOvNd8kBpV65zoxbA4BVsEOB3ARVWQki/DHzaUoC5KuON/BiccDaCCTZBuOcfZs70kR8bQ==}
    dev: true

  /react/17.0.2:
    resolution: {integrity: sha512-gnhPt75i/dq/z3/6q/0asP78D0u592D5L1pd7M8P+dck6Fu/jJeL6iVVK23fptSUZj8Vjf++7wXA8UNclGQcbA==}
    engines: {node: '>=0.10.0'}
    dependencies:
      loose-envify: 1.4.0
      object-assign: 4.1.1
    dev: true

  /scheduler/0.20.2:
    resolution: {integrity: sha512-2eWfGgAqqWFGqtdMmcL5zCMK1U8KlXv8SQFGglL3CEtd0aDVDWgeF/YoCmvln55m5zSk3J/20hTaSBeSObsQDQ==}
    dependencies:
      loose-envify: 1.4.0
      object-assign: 4.1.1
    dev: true

  /tslib/2.3.1:
    resolution: {integrity: sha512-77EbyPPpMz+FRFRuAFlWMtmgUWGe9UOG2Z25NqCwiIjRhOf5iKGuzSe5P2w1laq+FkRy4p+PCuVkJSGkzTEKVw==}
    dev: false

  /typescript/4.5.4:
    resolution: {integrity: sha512-VgYs2A2QIRuGphtzFV7aQJduJ2gyfTljngLzjpfW9FoYZF6xuw1W0vW9ghCKLfcWrCFxK81CSGRAvS1pn4fIUg==}
    engines: {node: '>=4.2.0'}
    hasBin: true
    dev: true
